
Microsoft Visual Studio Solution File, Format Version 12.00
# Visual Studio 14
VisualStudioVersion = 14.0.25420.1
MinimumVisualStudioVersion = 10.0.40219.1
Project("{FAE04EC0-301F-11D3-BF4B-00C04F79EFBC}") = "FPJ.DAL", "FPJ.DAL\FPJ.DAL.csproj", "{B5F2C536-3795-47F7-B201-61579EBB139E}"
EndProject
Project("{FAE04EC0-301F-11D3-BF4B-00C04F79EFBC}") = "FPJ.BLL", "FPJ.BLL\FPJ.BLL.csproj", "{B6D1D28D-93FF-4AB6-9FFA-90A738B68B18}"
EndProject
Project("{FAE04EC0-301F-11D3-BF4B-00C04F79EFBC}") = "Utility", "Utility\Utility.csproj", "{251912CD-C448-40CC-BF4D-5440A0308092}"
EndProject
Project("{FAE04EC0-301F-11D3-BF4B-00C04F79EFBC}") = "FPJ.Context", "FPJ.Context\FPJ.Context.csproj", "{DF7F323A-E8FC-4A5E-902A-E09C85879A23}"
EndProject
Project("{FAE04EC0-301F-11D3-BF4B-00C04F79EFBC}") = "FPJ.Model", "FPJ.Model\FPJ.Model.csproj", "{C26FB2D5-C2AD-4F57-A074-8F26B8DB02C9}"
EndProject
Project("{FAE04EC0-301F-11D3-BF4B-00C04F79EFBC}") = "FPJ.Web", "FPJ.Web\FPJ.Web.csproj", "{7D192ABE-70D9-4A4E-A35D-2E44CB7FF079}"
EndProject
Project("{FAE04EC0-301F-11D3-BF4B-00C04F79EFBC}") = "Redis", "Redis\Redis.csproj", "{FD099628-A457-440F-82C6-4C69F610407C}"
EndProject
Project("{2150E333-8FDC-42A3-9474-1A3956D46DE8}") = "FPJ.Service", "FPJ.Service", "{CAE0D6F0-1276-40EF-8CC0-94A9687B663C}"
EndProject
Project("{FAE04EC0-301F-11D3-BF4B-00C04F79EFBC}") = "FPJ.AuthCore", "FPJ.AuthCore\FPJ.AuthCore.csproj", "{63B505CE-1F26-4B5D-948F-613CEB73B11B}"
EndProject
Project("{FAE04EC0-301F-11D3-BF4B-00C04F79EFBC}") = "FPJ.Attributes", "FPJ.Attributes\FPJ.Attributes.csproj", "{F80AABB6-D946-4D3E-8FF1-0BEE6DB660D5}"
EndProject
Project("{FAE04EC0-301F-11D3-BF4B-00C04F79EFBC}") = "FPJ.Enum", "FPJ.Enum\FPJ.Enum.csproj", "{619614C0-313E-4101-BD87-D3A5A1934D2F}"
EndProject
Project("{2150E333-8FDC-42A3-9474-1A3956D46DE8}") = "FPJ.Core", "FPJ.Core", "{9860E5E0-F720-4362-8323-AA3D0CB740EF}"
EndProject
Global
	GlobalSection(SolutionConfigurationPlatforms) = preSolution
		Debug|Any CPU = Debug|Any CPU
		Release|Any CPU = Release|Any CPU
	EndGlobalSection
	GlobalSection(ProjectConfigurationPlatforms) = postSolution
		{B5F2C536-3795-47F7-B201-61579EBB139E}.Debug|Any CPU.ActiveCfg = Debug|Any CPU
		{B5F2C536-3795-47F7-B201-61579EBB139E}.Debug|Any CPU.Build.0 = Debug|Any CPU
		{B5F2C536-3795-47F7-B201-61579EBB139E}.Release|Any CPU.ActiveCfg = Release|Any CPU
		{B5F2C536-3795-47F7-B201-61579EBB139E}.Release|Any CPU.Build.0 = Release|Any CPU
		{B6D1D28D-93FF-4AB6-9FFA-90A738B68B18}.Debug|Any CPU.ActiveCfg = Debug|Any CPU
		{B6D1D28D-93FF-4AB6-9FFA-90A738B68B18}.Debug|Any CPU.Build.0 = Debug|Any CPU
		{B6D1D28D-93FF-4AB6-9FFA-90A738B68B18}.Release|Any CPU.ActiveCfg = Release|Any CPU
		{B6D1D28D-93FF-4AB6-9FFA-90A738B68B18}.Release|Any CPU.Build.0 = Release|Any CPU
		{251912CD-C448-40CC-BF4D-5440A0308092}.Debug|Any CPU.ActiveCfg = Debug|Any CPU
		{251912CD-C448-40CC-BF4D-5440A0308092}.Debug|Any CPU.Build.0 = Debug|Any CPU
		{251912CD-C448-40CC-BF4D-5440A0308092}.Release|Any CPU.ActiveCfg = Release|Any CPU
		{251912CD-C448-40CC-BF4D-5440A0308092}.Release|Any CPU.Build.0 = Release|Any CPU
		{DF7F323A-E8FC-4A5E-902A-E09C85879A23}.Debug|Any CPU.ActiveCfg = Debug|Any CPU
		{DF7F323A-E8FC-4A5E-902A-E09C85879A23}.Debug|Any CPU.Build.0 = Debug|Any CPU
		{DF7F323A-E8FC-4A5E-902A-E09C85879A23}.Release|Any CPU.ActiveCfg = Release|Any CPU
		{DF7F323A-E8FC-4A5E-902A-E09C85879A23}.Release|Any CPU.Build.0 = Release|Any CPU
		{C26FB2D5-C2AD-4F57-A074-8F26B8DB02C9}.Debug|Any CPU.ActiveCfg = Debug|Any CPU
		{C26FB2D5-C2AD-4F57-A074-8F26B8DB02C9}.Debug|Any CPU.Build.0 = Debug|Any CPU
		{C26FB2D5-C2AD-4F57-A074-8F26B8DB02C9}.Release|Any CPU.ActiveCfg = Release|Any CPU
		{C26FB2D5-C2AD-4F57-A074-8F26B8DB02C9}.Release|Any CPU.Build.0 = Release|Any CPU
		{7D192ABE-70D9-4A4E-A35D-2E44CB7FF079}.Debug|Any CPU.ActiveCfg = Debug|Any CPU
		{7D192ABE-70D9-4A4E-A35D-2E44CB7FF079}.Debug|Any CPU.Build.0 = Debug|Any CPU
		{7D192ABE-70D9-4A4E-A35D-2E44CB7FF079}.Release|Any CPU.ActiveCfg = Release|Any CPU
		{7D192ABE-70D9-4A4E-A35D-2E44CB7FF079}.Release|Any CPU.Build.0 = Release|Any CPU
		{FD099628-A457-440F-82C6-4C69F610407C}.Debug|Any CPU.ActiveCfg = Debug|Any CPU
		{FD099628-A457-440F-82C6-4C69F610407C}.Debug|Any CPU.Build.0 = Debug|Any CPU
		{FD099628-A457-440F-82C6-4C69F610407C}.Release|Any CPU.ActiveCfg = Release|Any CPU
		{FD099628-A457-440F-82C6-4C69F610407C}.Release|Any CPU.Build.0 = Release|Any CPU
		{63B505CE-1F26-4B5D-948F-613CEB73B11B}.Debug|Any CPU.ActiveCfg = Debug|Any CPU
		{63B505CE-1F26-4B5D-948F-613CEB73B11B}.Debug|Any CPU.Build.0 = Debug|Any CPU
		{63B505CE-1F26-4B5D-948F-613CEB73B11B}.Release|Any CPU.ActiveCfg = Release|Any CPU
		{63B505CE-1F26-4B5D-948F-613CEB73B11B}.Release|Any CPU.Build.0 = Release|Any CPU
		{F80AABB6-D946-4D3E-8FF1-0BEE6DB660D5}.Debug|Any CPU.ActiveCfg = Debug|Any CPU
		{F80AABB6-D946-4D3E-8FF1-0BEE6DB660D5}.Debug|Any CPU.Build.0 = Debug|Any CPU
		{F80AABB6-D946-4D3E-8FF1-0BEE6DB660D5}.Release|Any CPU.ActiveCfg = Release|Any CPU
		{F80AABB6-D946-4D3E-8FF1-0BEE6DB660D5}.Release|Any CPU.Build.0 = Release|Any CPU
		{619614C0-313E-4101-BD87-D3A5A1934D2F}.Debug|Any CPU.ActiveCfg = Debug|Any CPU
		{619614C0-313E-4101-BD87-D3A5A1934D2F}.Debug|Any CPU.Build.0 = Debug|Any CPU
		{619614C0-313E-4101-BD87-D3A5A1934D2F}.Release|Any CPU.ActiveCfg = Release|Any CPU
		{619614C0-313E-4101-BD87-D3A5A1934D2F}.Release|Any CPU.Build.0 = Release|Any CPU
	EndGlobalSection
	GlobalSection(SolutionProperties) = preSolution
		HideSolutionNode = FALSE
	EndGlobalSection
	GlobalSection(NestedProjects) = preSolution
		{251912CD-C448-40CC-BF4D-5440A0308092} = {9860E5E0-F720-4362-8323-AA3D0CB740EF}
		{FD099628-A457-440F-82C6-4C69F610407C} = {9860E5E0-F720-4362-8323-AA3D0CB740EF}
		{63B505CE-1F26-4B5D-948F-613CEB73B11B} = {9860E5E0-F720-4362-8323-AA3D0CB740EF}
		{F80AABB6-D946-4D3E-8FF1-0BEE6DB660D5} = {9860E5E0-F720-4362-8323-AA3D0CB740EF}
		{619614C0-313E-4101-BD87-D3A5A1934D2F} = {9860E5E0-F720-4362-8323-AA3D0CB740EF}
	EndGlobalSection
EndGlobal
